{
  "object": {
    "pins": [
      {
        "package": "Socket",
        "repositoryURL": "https://github.com/IBM-Swift/BlueSocket",
        "state": {
          "branch": null,
          "revision": "f82e1401f04f62b2e8ce4670456d104466957810",
          "version": "1.0.50"
        }
      },
      {
        "package": "COpenSSL",
        "repositoryURL": "https://github.com/PerfectlySoft/Perfect-COpenSSL.git",
        "state": {
          "branch": null,
          "revision": "4669765f9c301a91cf76ad0ddeece27367017acc",
          "version": "4.0.1"
        }
      },
      {
        "package": "PerfectCrypto",
        "repositoryURL": "https://github.com/PerfectlySoft/Perfect-Crypto.git",
        "state": {
          "branch": null,
          "revision": "9a6fd2a63bf4f7f0b9a5eb90afa50eff66b7542d",
          "version": "3.2.0"
        }
      },
      {
        "package": "PerfectNet",
        "repositoryURL": "https://github.com/PerfectlySoft/Perfect-Net",
        "state": {
          "branch": null,
          "revision": "d00b2b9f4cccb4c398e1bcf18f767d6b8add6af7",
          "version": "3.3.0"
        }
      },
      {
        "package": "PerfectThread",
        "repositoryURL": "https://github.com/PerfectlySoft/Perfect-Thread.git",
        "state": {
          "branch": null,
          "revision": "a50b9a33f08fce638f33ae3121613fe499cc23ec",
          "version": "3.0.7"
        }
      },
      {
        "package": "PerfectLib",
        "repositoryURL": "https://github.com/PerfectlySoft/PerfectLib.git",
        "state": {
          "branch": null,
          "revision": "5a08c2a596df23a3ae30b6ac9cb509a38384166c",
          "version": "3.1.4"
        }
      }
    ]
  },
  "version": 1
}
