{
  "object": {
    "pins": [
      {
        "package": "SSDP",
        "repositoryURL": "git@github.com:andersonlucasg3/ssdp-swift-sdk.git",
        "state": {
          "branch": "develop",
          "revision": "cee930a86a61d3f47a25e84050c35aa4ba742f59",
          "version": null
        }
      }
    ]
  },
  "version": 1
}
