{
  "object": {
    "pins": [
      {
        "package": "SSDP",
        "repositoryURL": "git@github.com:andersonlucasg3/ssdp-swift-sdk.git",
        "state": {
          "branch": "develop",
          "revision": "764f3bea899159de0ae02b69ff7255b840c75334",
          "version": null
        }
      }
    ]
  },
  "version": 1
}
