{
  "object": {
    "pins": [
      {
        "package": "SSDP",
        "repositoryURL": "git@github.com:andersonlucasg3/ssdp-swift-sdk.git",
        "state": {
          "branch": "develop",
          "revision": "7795cf4288837c196603dab1285ee10a3cc0181e",
          "version": null
        }
      }
    ]
  },
  "version": 1
}
